
Microsoft Visual Studio Solution File, Format Version 12.00
# Visual Studio Version 17
VisualStudioVersion = 17.2.32526.322
MinimumVisualStudioVersion = 10.0.40219.1
Project("{9A19103F-16F7-4668-BE54-9A1E7A4F7556}") = "UserService", "UserService\UserService.csproj", "{E2A9EDC9-CE59-40A3-B3B3-1FEF656902A4}"
EndProject
Project("{9A19103F-16F7-4668-BE54-9A1E7A4F7556}") = "KYCService", "KYCService\KYCService.csproj", "{E71842DD-D3C9-4B4E-BB82-2FC0C8BC0EA2}"
EndProject
Project("{9A19103F-16F7-4668-BE54-9A1E7A4F7556}") = "APIGetway", "APIGetway\APIGetway.csproj", "{9F0D2CD1-FCA5-433C-B69D-ED4845A8B8A7}"
EndProject
Project("{2150E333-8FDC-42A3-9474-1A3956D46DE8}") = "Solution Items", "Solution Items", "{514FD9EE-498C-4736-9560-EBABBAA9BAD6}"
	ProjectSection(SolutionItems) = preProject
		.editorconfig = .editorconfig
	EndProjectSection
EndProject
Project("{9A19103F-16F7-4668-BE54-9A1E7A4F7556}") = "WebUI", "WebUI\WebUI.csproj", "{068D4C17-A4A9-4A68-BE71-A7EC8C982E39}"
EndProject
Project("{E53339B2-1760-4266-BCC7-CA923CBCF16C}") = "docker-compose", "docker-compose.dcproj", "{CAD02276-6B53-4A40-B3CF-AA61ADAAB2A9}"
EndProject
Global
	GlobalSection(SolutionConfigurationPlatforms) = preSolution
		Debug|Any CPU = Debug|Any CPU
		Release|Any CPU = Release|Any CPU
	EndGlobalSection
	GlobalSection(ProjectConfigurationPlatforms) = postSolution
		{E2A9EDC9-CE59-40A3-B3B3-1FEF656902A4}.Debug|Any CPU.ActiveCfg = Debug|Any CPU
		{E2A9EDC9-CE59-40A3-B3B3-1FEF656902A4}.Debug|Any CPU.Build.0 = Debug|Any CPU
		{E2A9EDC9-CE59-40A3-B3B3-1FEF656902A4}.Release|Any CPU.ActiveCfg = Release|Any CPU
		{E2A9EDC9-CE59-40A3-B3B3-1FEF656902A4}.Release|Any CPU.Build.0 = Release|Any CPU
		{E71842DD-D3C9-4B4E-BB82-2FC0C8BC0EA2}.Debug|Any CPU.ActiveCfg = Debug|Any CPU
		{E71842DD-D3C9-4B4E-BB82-2FC0C8BC0EA2}.Debug|Any CPU.Build.0 = Debug|Any CPU
		{E71842DD-D3C9-4B4E-BB82-2FC0C8BC0EA2}.Release|Any CPU.ActiveCfg = Release|Any CPU
		{E71842DD-D3C9-4B4E-BB82-2FC0C8BC0EA2}.Release|Any CPU.Build.0 = Release|Any CPU
		{9F0D2CD1-FCA5-433C-B69D-ED4845A8B8A7}.Debug|Any CPU.ActiveCfg = Debug|Any CPU
		{9F0D2CD1-FCA5-433C-B69D-ED4845A8B8A7}.Debug|Any CPU.Build.0 = Debug|Any CPU
		{9F0D2CD1-FCA5-433C-B69D-ED4845A8B8A7}.Release|Any CPU.ActiveCfg = Release|Any CPU
		{9F0D2CD1-FCA5-433C-B69D-ED4845A8B8A7}.Release|Any CPU.Build.0 = Release|Any CPU
		{068D4C17-A4A9-4A68-BE71-A7EC8C982E39}.Debug|Any CPU.ActiveCfg = Debug|Any CPU
		{068D4C17-A4A9-4A68-BE71-A7EC8C982E39}.Debug|Any CPU.Build.0 = Debug|Any CPU
		{068D4C17-A4A9-4A68-BE71-A7EC8C982E39}.Release|Any CPU.ActiveCfg = Release|Any CPU
		{068D4C17-A4A9-4A68-BE71-A7EC8C982E39}.Release|Any CPU.Build.0 = Release|Any CPU
		{CAD02276-6B53-4A40-B3CF-AA61ADAAB2A9}.Debug|Any CPU.ActiveCfg = Debug|Any CPU
		{CAD02276-6B53-4A40-B3CF-AA61ADAAB2A9}.Debug|Any CPU.Build.0 = Debug|Any CPU
		{CAD02276-6B53-4A40-B3CF-AA61ADAAB2A9}.Release|Any CPU.ActiveCfg = Release|Any CPU
		{CAD02276-6B53-4A40-B3CF-AA61ADAAB2A9}.Release|Any CPU.Build.0 = Release|Any CPU
	EndGlobalSection
	GlobalSection(SolutionProperties) = preSolution
		HideSolutionNode = FALSE
	EndGlobalSection
	GlobalSection(ExtensibilityGlobals) = postSolution
		SolutionGuid = {431217F2-474D-47F1-BCB7-1494481D5990}
	EndGlobalSection
EndGlobal
